{
	"name": "zadaca_01",
	"version": "1.0.0",
	"lockfileVersion": 3,
	"requires": true,
	"packages": {
		"": {
			"name": "zadaca_01",
			"version": "1.0.0",
			"license": "ISC",
			"dependencies": {
				"base32-encoding": "file:../../../../../usr/lib/node_modules/base32-encoding",
				"better-sqlite3": "file:../../../../../usr/lib/node_modules/better-sqlite3",
				"cookie-parser": "file:../../../../../usr/lib/node_modules/cookie-parser",
				"cors": "file:../../../../../usr/lib/node_modules/cors",
				"express": "file:../../../../../usr/lib/node_modules/express",
				"express-session": "file:../../../../../usr/lib/node_modules/express-session",
				"formidable": "file:../../../../../usr/lib/node_modules/formidable",
				"jsonwebtoken": "file:../../../../../usr/lib/node_modules/jsonwebtoken",
				"nodemailer": "file:../../../../../usr/lib/node_modules/nodemailer",
				"sqlite": "file:../../../../../usr/lib/node_modules/sqlite",
				"sqlite3": "file:../../../../../usr/lib/node_modules/sqlite3",
				"totp-generator": "file:../../../../../usr/lib/node_modules/totp-generator"
			},
			"devDependencies": {
				"@types/cookie-parser": "^1.4.10",
				"@types/cors": "^2.8.19",
				"@types/express": "^4.17.25",
				"@types/express-serve-static-core": "^4.19.8",
				"@types/express-session": "^1.18.2",
				"@types/formidable": "^3.4.6",
				"@types/node": "^25.2.3",
				"@types/nodemailer": "^7.0.10",
				"typescript": "^5.9.3"
			}
		},
		"../../../../../usr/lib/node_modules/base32-encoding": {
			"version": "1.0.0",
			"license": "ISC",
			"devDependencies": {}
		},
		"../../../../../usr/lib/node_modules/better-sqlite3": {},
		"../../../../../usr/lib/node_modules/cookie-parser": {
			"version": "1.4.7",
			"license": "MIT",
			"dependencies": {
				"cookie": "0.7.2",
				"cookie-signature": "1.0.6"
			},
			"devDependencies": {
				"eslint": "7.32.0",
				"eslint-config-standard": "14.1.1",
				"eslint-plugin-import": "2.25.2",
				"eslint-plugin-markdown": "2.2.1",
				"eslint-plugin-node": "11.1.0",
				"eslint-plugin-promise": "4.3.1",
				"eslint-plugin-standard": "4.1.0",
				"mocha": "9.2.1",
				"nyc": "15.1.0",
				"supertest": "6.1.6"
			},
			"engines": {
				"node": ">= 0.8.0"
			}
		},
		"../../../../../usr/lib/node_modules/cors": {
			"version": "2.8.6",
			"license": "MIT",
			"dependencies": {
				"object-assign": "^4",
				"vary": "^1"
			},
			"devDependencies": {
				"after": "0.8.2",
				"eslint": "7.30.0",
				"express": "4.21.2",
				"mocha": "9.2.2",
				"nyc": "15.1.0",
				"supertest": "6.1.3"
			},
			"engines": {
				"node": ">= 0.10"
			},
			"funding": {
				"type": "opencollective",
				"url": "https://opencollective.com/express"
			}
		},
		"../../../../../usr/lib/node_modules/express": {
			"version": "5.2.1",
			"license": "MIT",
			"dependencies": {
				"accepts": "^2.0.0",
				"body-parser": "^2.2.1",
				"content-disposition": "^1.0.0",
				"content-type": "^1.0.5",
				"cookie": "^0.7.1",
				"cookie-signature": "^1.2.1",
				"debug": "^4.4.0",
				"depd": "^2.0.0",
				"encodeurl": "^2.0.0",
				"escape-html": "^1.0.3",
				"etag": "^1.8.1",
				"finalhandler": "^2.1.0",
				"fresh": "^2.0.0",
				"http-errors": "^2.0.0",
				"merge-descriptors": "^2.0.0",
				"mime-types": "^3.0.0",
				"on-finished": "^2.4.1",
				"once": "^1.4.0",
				"parseurl": "^1.3.3",
				"proxy-addr": "^2.0.7",
				"qs": "^6.14.0",
				"range-parser": "^1.2.1",
				"router": "^2.2.0",
				"send": "^1.1.0",
				"serve-static": "^2.2.0",
				"statuses": "^2.0.1",
				"type-is": "^2.0.1",
				"vary": "^1.1.2"
			},
			"devDependencies": {
				"after": "0.8.2",
				"connect-redis": "^8.0.1",
				"cookie-parser": "1.4.7",
				"cookie-session": "2.1.1",
				"ejs": "^3.1.10",
				"eslint": "8.47.0",
				"express-session": "^1.18.1",
				"hbs": "4.2.0",
				"marked": "^15.0.3",
				"method-override": "3.0.0",
				"mocha": "^10.7.3",
				"morgan": "1.10.1",
				"nyc": "^17.1.0",
				"pbkdf2-password": "1.2.1",
				"supertest": "^6.3.0",
				"vhost": "~3.0.2"
			},
			"engines": {
				"node": ">= 18"
			},
			"funding": {
				"type": "opencollective",
				"url": "https://opencollective.com/express"
			}
		},
		"../../../../../usr/lib/node_modules/express-session": {
			"version": "1.19.0",
			"license": "MIT",
			"dependencies": {
				"cookie": "~0.7.2",
				"cookie-signature": "~1.0.7",
				"debug": "~2.6.9",
				"depd": "~2.0.0",
				"on-headers": "~1.1.0",
				"parseurl": "~1.3.3",
				"safe-buffer": "~5.2.1",
				"uid-safe": "~2.1.5"
			},
			"devDependencies": {
				"after": "0.8.2",
				"cookie-parser": "1.4.6",
				"eslint": "8.56.0",
				"eslint-plugin-markdown": "3.0.1",
				"express": "4.17.3",
				"mocha": "10.8.2",
				"nyc": "15.1.0",
				"supertest": "6.3.4"
			},
			"engines": {
				"node": ">= 0.8.0"
			},
			"funding": {
				"type": "opencollective",
				"url": "https://opencollective.com/express"
			}
		},
		"../../../../../usr/lib/node_modules/formidable": {
			"version": "3.5.4",
			"license": "MIT",
			"dependencies": {
				"@paralleldrive/cuid2": "^2.2.2",
				"dezalgo": "^1.0.4",
				"once": "^1.4.0"
			},
			"devDependencies": {
				"@rollup/plugin-commonjs": "^25.0.2",
				"@rollup/plugin-node-resolve": "^15.1.0",
				"@sindresorhus/slugify": "^2.1.0",
				"@tunnckocore/prettier-config": "1.3.8",
				"eslint": "6.8.0",
				"eslint-config-airbnb-base": "14.1.0",
				"eslint-config-prettier": "6.11.0",
				"eslint-plugin-import": "2.20.2",
				"eslint-plugin-prettier": "3.1.3",
				"express": "^4.21.1",
				"formdata-polyfill": "^4.0.10",
				"jest": "27.2.4",
				"koa": "2.16.1",
				"nyc": "15.1.0",
				"prettier": "2.0.5",
				"prettier-plugin-pkgjson": "0.2.8",
				"rollup": "^3.25.3",
				"supertest": "6.1.6"
			},
			"engines": {
				"node": ">=14.0.0"
			},
			"funding": {
				"url": "https://ko-fi.com/tunnckoCore/commissions"
			}
		},
		"../../../../../usr/lib/node_modules/jsonwebtoken": {
			"version": "9.0.3",
			"license": "MIT",
			"dependencies": {
				"jws": "^4.0.1",
				"lodash.includes": "^4.3.0",
				"lodash.isboolean": "^3.0.3",
				"lodash.isinteger": "^4.0.4",
				"lodash.isnumber": "^3.0.3",
				"lodash.isplainobject": "^4.0.6",
				"lodash.isstring": "^4.0.1",
				"lodash.once": "^4.0.0",
				"ms": "^2.1.1",
				"semver": "^7.5.4"
			},
			"devDependencies": {
				"atob": "^2.1.2",
				"chai": "^4.1.2",
				"conventional-changelog": "~1.1.0",
				"eslint": "^4.19.1",
				"mocha": "^5.2.0",
				"nsp": "^2.6.2",
				"nyc": "^11.9.0",
				"sinon": "^6.0.0"
			},
			"engines": {
				"node": ">=12",
				"npm": ">=6"
			}
		},
		"../../../../../usr/lib/node_modules/nodemailer": {
			"version": "8.0.1",
			"license": "MIT-0",
			"devDependencies": {
				"@aws-sdk/client-sesv2": "3.985.0",
				"bunyan": "1.8.15",
				"c8": "10.1.3",
				"eslint": "10.0.0",
				"eslint-config-prettier": "10.1.8",
				"globals": "17.3.0",
				"libbase64": "1.3.0",
				"libmime": "5.3.7",
				"libqp": "2.1.1",
				"nodemailer-ntlm-auth": "1.0.4",
				"prettier": "3.8.1",
				"proxy": "1.0.2",
				"proxy-test-server": "1.0.0",
				"smtp-server": "3.18.1"
			},
			"engines": {
				"node": ">=6.0.0"
			}
		},
		"../../../../../usr/lib/node_modules/sqlite": {
			"version": "5.1.1",
			"license": "MIT",
			"devDependencies": {
				"@theo.gravity/changelog-version": "2.1.11",
				"@theo.gravity/version-bump": "2.0.14",
				"@types/jest": "27.4.1",
				"@types/node": "^17.0.25",
				"@types/sqlite3": "^3.1.8",
				"@typescript-eslint/eslint-plugin": "^5.20.0",
				"@typescript-eslint/parser": "^5.20.0",
				"eslint": "8.14.0",
				"git-commit-stamper": "^1.0.10",
				"jest": "27.5.1",
				"jest-cli": "27.5.1",
				"jest-junit-reporter": "1.1.0",
				"lint-staged": "12.4.0",
				"pre-commit": "1.2.2",
				"prettier-standard": "^15.0.1",
				"sql-template-strings": "^2.2.2",
				"sqlite3": "^5.1.6",
				"sqlite3-offline-next": "^5.0.3",
				"standardx": "^7.0.0",
				"toc-md-alt": "^0.4.6",
				"ts-jest": "27.1.4",
				"ts-node": "10.7.0",
				"ts-node-dev": "1.1.8",
				"typedoc": "^0.22.15",
				"typedoc-plugin-markdown": "^3.12.1",
				"typescript": "4.6.3",
				"version-bump-plugin-git": "^2.0.1"
			}
		},
		"../../../../../usr/lib/node_modules/sqlite3": {
			"version": "5.1.7",
			"hasInstallScript": true,
			"license": "BSD-3-Clause",
			"dependencies": {
				"bindings": "^1.5.0",
				"node-addon-api": "^7.0.0",
				"prebuild-install": "^7.1.1",
				"tar": "^6.1.11"
			},
			"devDependencies": {
				"eslint": "8.56.0",
				"mocha": "10.2.0",
				"prebuild": "12.1.0"
			},
			"optionalDependencies": {
				"node-gyp": "8.x"
			},
			"peerDependencies": {
				"node-gyp": "8.x"
			},
			"peerDependenciesMeta": {
				"node-gyp": {
					"optional": true
				}
			}
		},
		"../../../../../usr/lib/node_modules/totp-generator": {
			"version": "2.0.1",
			"license": "MIT",
			"dependencies": {
				"jssha": "^3.3.1"
			},
			"devDependencies": {
				"@biomejs/biome": "^2.2.3",
				"@types/jest": "^30.0.0",
				"jest": "^30.0.2",
				"terser": "^5.31.0",
				"ts-jest": "^29.1.2",
				"typescript": "^5.3.3"
			}
		},
		"node_modules/@types/body-parser": {
			"version": "1.19.6",
			"resolved": "https://registry.npmjs.org/@types/body-parser/-/body-parser-1.19.6.tgz",
			"integrity": "sha512-HLFeCYgz89uk22N5Qg3dvGvsv46B8GLvKKo1zKG4NybA8U2DiEO3w9lqGg29t/tfLRJpJ6iQxnVw4OnB7MoM9g==",
			"dev": true,
			"license": "MIT",
			"dependencies": {
				"@types/connect": "*",
				"@types/node": "*"
			}
		},
		"node_modules/@types/connect": {
			"version": "3.4.38",
			"resolved": "https://registry.npmjs.org/@types/connect/-/connect-3.4.38.tgz",
			"integrity": "sha512-K6uROf1LD88uDQqJCktA4yzL1YYAK6NgfsI0v/mTgyPKWsX1CnJ0XPSDhViejru1GcRkLWb8RlzFYJRqGUbaug==",
			"dev": true,
			"license": "MIT",
			"dependencies": {
				"@types/node": "*"
			}
		},
		"node_modules/@types/cookie-parser": {
			"version": "1.4.10",
			"resolved": "https://registry.npmjs.org/@types/cookie-parser/-/cookie-parser-1.4.10.tgz",
			"integrity": "sha512-B4xqkqfZ8Wek+rCOeRxsjMS9OgvzebEzzLYw7NHYuvzb7IdxOkI0ZHGgeEBX4PUM7QGVvNSK60T3OvWj3YfBRg==",
			"dev": true,
			"license": "MIT",
			"peerDependencies": {
				"@types/express": "*"
			}
		},
		"node_modules/@types/cors": {
			"version": "2.8.19",
			"resolved": "https://registry.npmjs.org/@types/cors/-/cors-2.8.19.tgz",
			"integrity": "sha512-mFNylyeyqN93lfe/9CSxOGREz8cpzAhH+E93xJ4xWQf62V8sQ/24reV2nyzUWM6H6Xji+GGHpkbLe7pVoUEskg==",
			"dev": true,
			"license": "MIT",
			"dependencies": {
				"@types/node": "*"
			}
		},
		"node_modules/@types/express": {
			"version": "4.17.25",
			"resolved": "https://registry.npmjs.org/@types/express/-/express-4.17.25.tgz",
			"integrity": "sha512-dVd04UKsfpINUnK0yBoYHDF3xu7xVH4BuDotC/xGuycx4CgbP48X/KF/586bcObxT0HENHXEU8Nqtu6NR+eKhw==",
			"dev": true,
			"license": "MIT",
			"dependencies": {
				"@types/body-parser": "*",
				"@types/express-serve-static-core": "^4.17.33",
				"@types/qs": "*",
				"@types/serve-static": "^1"
			}
		},
		"node_modules/@types/express-serve-static-core": {
			"version": "4.19.8",
			"resolved": "https://registry.npmjs.org/@types/express-serve-static-core/-/express-serve-static-core-4.19.8.tgz",
			"integrity": "sha512-02S5fmqeoKzVZCHPZid4b8JH2eM5HzQLZWN2FohQEy/0eXTq8VXZfSN6Pcr3F6N9R/vNrj7cpgbhjie6m/1tCA==",
			"dev": true,
			"license": "MIT",
			"dependencies": {
				"@types/node": "*",
				"@types/qs": "*",
				"@types/range-parser": "*",
				"@types/send": "*"
			}
		},
		"node_modules/@types/express-session": {
			"version": "1.18.2",
			"resolved": "https://registry.npmjs.org/@types/express-session/-/express-session-1.18.2.tgz",
			"integrity": "sha512-k+I0BxwVXsnEU2hV77cCobC08kIsn4y44C3gC0b46uxZVMaXA04lSPgRLR/bSL2w0t0ShJiG8o4jPzRG/nscFg==",
			"dev": true,
			"license": "MIT",
			"dependencies": {
				"@types/express": "*"
			}
		},
		"node_modules/@types/formidable": {
			"version": "3.4.6",
			"resolved": "https://registry.npmjs.org/@types/formidable/-/formidable-3.4.6.tgz",
			"integrity": "sha512-LI4Hk+KNsM5q7br4oMVoaWeb+gUqJpz1N8+Y2Q6Cz9cVH33ybahRKUWaRmMboVlkwSbOUGgwc/pEkS7yMSzoWg==",
			"dev": true,
			"license": "MIT",
			"dependencies": {
				"@types/node": "*"
			}
		},
		"node_modules/@types/http-errors": {
			"version": "2.0.5",
			"resolved": "https://registry.npmjs.org/@types/http-errors/-/http-errors-2.0.5.tgz",
			"integrity": "sha512-r8Tayk8HJnX0FztbZN7oVqGccWgw98T/0neJphO91KkmOzug1KkofZURD4UaD5uH8AqcFLfdPErnBod0u71/qg==",
			"dev": true,
			"license": "MIT"
		},
		"node_modules/@types/mime": {
			"version": "1.3.5",
			"resolved": "https://registry.npmjs.org/@types/mime/-/mime-1.3.5.tgz",
			"integrity": "sha512-/pyBZWSLD2n0dcHE3hq8s8ZvcETHtEuF+3E7XVt0Ig2nvsVQXdghHVcEkIWjy9A0wKfTn97a/PSDYohKIlnP/w==",
			"dev": true,
			"license": "MIT"
		},
		"node_modules/@types/node": {
			"version": "25.2.3",
			"resolved": "https://registry.npmjs.org/@types/node/-/node-25.2.3.tgz",
			"integrity": "sha512-m0jEgYlYz+mDJZ2+F4v8D1AyQb+QzsNqRuI7xg1VQX/KlKS0qT9r1Mo16yo5F/MtifXFgaofIFsdFMox2SxIbQ==",
			"dev": true,
			"license": "MIT",
			"dependencies": {
				"undici-types": "~7.16.0"
			}
		},
		"node_modules/@types/nodemailer": {
			"version": "7.0.10",
			"resolved": "https://registry.npmjs.org/@types/nodemailer/-/nodemailer-7.0.10.tgz",
			"integrity": "sha512-tP+9WggTFN22Zxh0XFyst7239H0qwiRCogsk7v9aQS79sYAJY+WEbTHbNYcxUMaalHKmsNpxmoTe35hBEMMd6g==",
			"dev": true,
			"license": "MIT",
			"dependencies": {
				"@types/node": "*"
			}
		},
		"node_modules/@types/qs": {
			"version": "6.14.0",
			"resolved": "https://registry.npmjs.org/@types/qs/-/qs-6.14.0.tgz",
			"integrity": "sha512-eOunJqu0K1923aExK6y8p6fsihYEn/BYuQ4g0CxAAgFc4b/ZLN4CrsRZ55srTdqoiLzU2B2evC+apEIxprEzkQ==",
			"dev": true,
			"license": "MIT"
		},
		"node_modules/@types/range-parser": {
			"version": "1.2.7",
			"resolved": "https://registry.npmjs.org/@types/range-parser/-/range-parser-1.2.7.tgz",
			"integrity": "sha512-hKormJbkJqzQGhziax5PItDUTMAM9uE2XXQmM37dyd4hVM+5aVl7oVxMVUiVQn2oCQFN/LKCZdvSM0pFRqbSmQ==",
			"dev": true,
			"license": "MIT"
		},
		"node_modules/@types/send": {
			"version": "1.2.1",
			"resolved": "https://registry.npmjs.org/@types/send/-/send-1.2.1.tgz",
			"integrity": "sha512-arsCikDvlU99zl1g69TcAB3mzZPpxgw0UQnaHeC1Nwb015xp8bknZv5rIfri9xTOcMuaVgvabfIRA7PSZVuZIQ==",
			"dev": true,
			"license": "MIT",
			"dependencies": {
				"@types/node": "*"
			}
		},
		"node_modules/@types/serve-static": {
			"version": "1.15.10",
			"resolved": "https://registry.npmjs.org/@types/serve-static/-/serve-static-1.15.10.tgz",
			"integrity": "sha512-tRs1dB+g8Itk72rlSI2ZrW6vZg0YrLI81iQSTkMmOqnqCaNr/8Ek4VwWcN5vZgCYWbg/JJSGBlUaYGAOP73qBw==",
			"dev": true,
			"license": "MIT",
			"dependencies": {
				"@types/http-errors": "*",
				"@types/node": "*",
				"@types/send": "<1"
			}
		},
		"node_modules/@types/serve-static/node_modules/@types/send": {
			"version": "0.17.6",
			"resolved": "https://registry.npmjs.org/@types/send/-/send-0.17.6.tgz",
			"integrity": "sha512-Uqt8rPBE8SY0RK8JB1EzVOIZ32uqy8HwdxCnoCOsYrvnswqmFZ/k+9Ikidlk/ImhsdvBsloHbAlewb2IEBV/Og==",
			"dev": true,
			"license": "MIT",
			"dependencies": {
				"@types/mime": "^1",
				"@types/node": "*"
			}
		},
		"node_modules/base32-encoding": {
			"resolved": "../../../../../usr/lib/node_modules/base32-encoding",
			"link": true
		},
		"node_modules/better-sqlite3": {
			"resolved": "../../../../../usr/lib/node_modules/better-sqlite3",
			"link": true
		},
		"node_modules/cookie-parser": {
			"resolved": "../../../../../usr/lib/node_modules/cookie-parser",
			"link": true
		},
		"node_modules/cors": {
			"resolved": "../../../../../usr/lib/node_modules/cors",
			"link": true
		},
		"node_modules/express": {
			"resolved": "../../../../../usr/lib/node_modules/express",
			"link": true
		},
		"node_modules/express-session": {
			"resolved": "../../../../../usr/lib/node_modules/express-session",
			"link": true
		},
		"node_modules/formidable": {
			"resolved": "../../../../../usr/lib/node_modules/formidable",
			"link": true
		},
		"node_modules/jsonwebtoken": {
			"resolved": "../../../../../usr/lib/node_modules/jsonwebtoken",
			"link": true
		},
		"node_modules/nodemailer": {
			"resolved": "../../../../../usr/lib/node_modules/nodemailer",
			"link": true
		},
		"node_modules/sqlite": {
			"resolved": "../../../../../usr/lib/node_modules/sqlite",
			"link": true
		},
		"node_modules/sqlite3": {
			"resolved": "../../../../../usr/lib/node_modules/sqlite3",
			"link": true
		},
		"node_modules/totp-generator": {
			"resolved": "../../../../../usr/lib/node_modules/totp-generator",
			"link": true
		},
		"node_modules/typescript": {
			"version": "5.9.3",
			"resolved": "https://registry.npmjs.org/typescript/-/typescript-5.9.3.tgz",
			"integrity": "sha512-jl1vZzPDinLr9eUt3J/t7V6FgNEw9QjvBPdysz9KfQDD41fQrC2Y4vKQdiaUpFT4bXlb1RHhLpp8wtm6M5TgSw==",
			"dev": true,
			"license": "Apache-2.0",
			"bin": {
				"tsc": "bin/tsc",
				"tsserver": "bin/tsserver"
			},
			"engines": {
				"node": ">=14.17"
			}
		},
		"node_modules/undici-types": {
			"version": "7.16.0",
			"resolved": "https://registry.npmjs.org/undici-types/-/undici-types-7.16.0.tgz",
			"integrity": "sha512-Zz+aZWSj8LE6zoxD+xrjh4VfkIG8Ya6LvYkZqtUQGJPZjYl53ypCaUwWqo7eI0x66KBGeRo+mlBEkMSeSZ38Nw==",
			"dev": true,
			"license": "MIT"
		}
	}
}
